dependencies:
- name: keycloak-db
  repository: ""
  version: 0.1.0
- name: keycloak
  repository: ""
  version: 0.1.0
- name: accounts-db
  repository: ""
  version: 0.1.0
- name: cash-db
  repository: ""
  version: 0.1.0
- name: transfer-db
  repository: ""
  version: 0.1.0
- name: notifications-db
  repository: ""
  version: 0.1.0
- name: accounts
  repository: ""
  version: 0.1.0
- name: cash
  repository: ""
  version: 0.1.0
- name: transfer
  repository: ""
  version: 0.1.0
- name: notifications
  repository: ""
  version: 0.1.0
- name: kafka
  repository: ""
  version: 0.1.0
- name: gateway
  repository: ""
  version: 0.1.0
- name: frontend
  repository: ""
  version: 0.1.0
- name: zipkin
  repository: ""
  version: 0.1.0
- name: elasticsearch
  repository: ""
  version: 0.1.0
- name: logstash
  repository: ""
  version: 0.1.0
- name: kibana
  repository: ""
  version: 0.1.0
- name: prometheus
  repository: ""
  version: 0.1.0
- name: grafana
  repository: ""
  version: 0.1.0
digest: sha256:59f514c230f417e20a352fa57704bafff7241fa27af41ba503c951500fdec8cb
generated: "2026-03-28T17:02:56.985381+03:00"
